
Microsoft Visual Studio Solution File, Format Version 12.00
# Visual Studio Version 16
VisualStudioVersion = 16.0.30011.22
MinimumVisualStudioVersion = 10.0.40219.1
Project("{FAE04EC0-301F-11D3-BF4B-00C04F79EFBC}") = "DemoNode", "DemoNode\DemoNode.csproj", "{0EE5F88D-C448-4A1A-97FF-0CB36DAEF8D1}"
EndProject
Project("{FAE04EC0-301F-11D3-BF4B-00C04F79EFBC}") = "TestHarness", "TestHarness\TestHarness.csproj", "{E5FD21B5-F820-403B-968B-7E36E6C899E5}"
EndProject
Global
	GlobalSection(SolutionConfigurationPlatforms) = preSolution
		Debug|Any CPU = Debug|Any CPU
		Release|Any CPU = Release|Any CPU
	EndGlobalSection
	GlobalSection(ProjectConfigurationPlatforms) = postSolution
		{0EE5F88D-C448-4A1A-97FF-0CB36DAEF8D1}.Debug|Any CPU.ActiveCfg = Debug|Any CPU
		{0EE5F88D-C448-4A1A-97FF-0CB36DAEF8D1}.Debug|Any CPU.Build.0 = Debug|Any CPU
		{0EE5F88D-C448-4A1A-97FF-0CB36DAEF8D1}.Release|Any CPU.ActiveCfg = Release|Any CPU
		{0EE5F88D-C448-4A1A-97FF-0CB36DAEF8D1}.Release|Any CPU.Build.0 = Release|Any CPU
		{E5FD21B5-F820-403B-968B-7E36E6C899E5}.Debug|Any CPU.ActiveCfg = Debug|Any CPU
		{E5FD21B5-F820-403B-968B-7E36E6C899E5}.Debug|Any CPU.Build.0 = Debug|Any CPU
		{E5FD21B5-F820-403B-968B-7E36E6C899E5}.Release|Any CPU.ActiveCfg = Release|Any CPU
		{E5FD21B5-F820-403B-968B-7E36E6C899E5}.Release|Any CPU.Build.0 = Release|Any CPU
	EndGlobalSection
	GlobalSection(SolutionProperties) = preSolution
		HideSolutionNode = FALSE
	EndGlobalSection
	GlobalSection(ExtensibilityGlobals) = postSolution
		SolutionGuid = {2A172540-6CC3-4C75-A38E-2DD89E481E12}
	EndGlobalSection
EndGlobal
