
Microsoft Visual Studio Solution File, Format Version 12.00
# Visual Studio Version 16
VisualStudioVersion = 16.0.30907.101
MinimumVisualStudioVersion = 10.0.40219.1
Project("{FAE04EC0-301F-11D3-BF4B-00C04F79EFBC}") = "ScriptNodeTester", "ScriptNodeTester\ScriptNodeTester.csproj", "{9C4C683E-736A-4BE0-B899-A07C19B8A9A2}"
EndProject
Global
	GlobalSection(SolutionConfigurationPlatforms) = preSolution
		Debug|Any CPU = Debug|Any CPU
		Release|Any CPU = Release|Any CPU
	EndGlobalSection
	GlobalSection(ProjectConfigurationPlatforms) = postSolution
		{9C4C683E-736A-4BE0-B899-A07C19B8A9A2}.Debug|Any CPU.ActiveCfg = Debug|Any CPU
		{9C4C683E-736A-4BE0-B899-A07C19B8A9A2}.Debug|Any CPU.Build.0 = Debug|Any CPU
		{9C4C683E-736A-4BE0-B899-A07C19B8A9A2}.Release|Any CPU.ActiveCfg = Release|Any CPU
		{9C4C683E-736A-4BE0-B899-A07C19B8A9A2}.Release|Any CPU.Build.0 = Release|Any CPU
	EndGlobalSection
	GlobalSection(SolutionProperties) = preSolution
		HideSolutionNode = FALSE
	EndGlobalSection
	GlobalSection(ExtensibilityGlobals) = postSolution
		SolutionGuid = {D957ED16-A2B4-4B05-9BEC-90F1D174EBEA}
	EndGlobalSection
EndGlobal
